
Microsoft Visual Studio Solution File, Format Version 12.00
# Visual Studio 14
VisualStudioVersion = 14.0.25420.1
MinimumVisualStudioVersion = 10.0.40219.1
Project("{FAE04EC0-301F-11D3-BF4B-00C04F79EFBC}") = "ResumeBuilder", "ResumeBuilder\ResumeBuilder.csproj", "{14BCC23C-C306-4B5A-86AD-F60FBFAB1C2F}"
EndProject
Global
	GlobalSection(SolutionConfigurationPlatforms) = preSolution
		Debug|Any CPU = Debug|Any CPU
		Release|Any CPU = Release|Any CPU
	EndGlobalSection
	GlobalSection(ProjectConfigurationPlatforms) = postSolution
		{14BCC23C-C306-4B5A-86AD-F60FBFAB1C2F}.Debug|Any CPU.ActiveCfg = Debug|Any CPU
		{14BCC23C-C306-4B5A-86AD-F60FBFAB1C2F}.Debug|Any CPU.Build.0 = Debug|Any CPU
		{14BCC23C-C306-4B5A-86AD-F60FBFAB1C2F}.Release|Any CPU.ActiveCfg = Release|Any CPU
		{14BCC23C-C306-4B5A-86AD-F60FBFAB1C2F}.Release|Any CPU.Build.0 = Release|Any CPU
	EndGlobalSection
	GlobalSection(SolutionProperties) = preSolution
		HideSolutionNode = FALSE
	EndGlobalSection
	GlobalSection(ExtensibilityGlobals) = postSolution
		SolutionGuid = {00A68EC6-2B49-474B-9547-F1EA94A73323}
	EndGlobalSection
EndGlobal
